{
    "_meta": {
        "hash": {
            "sha256": "fa7c69b70f94ad485aa06d5cad512aa715ae5eadfcf87830422227ace99331d3"
        },
        "pipfile-spec": 6,
        "requires": {
            "python_full_version": "3.7.16",
            "python_version": "3.7"
        },
        "sources": [
            {
                "name": "pypi",
                "url": "https://pypi.org/simple",
                "verify_ssl": true
            }
        ]
    },
    "default": {},
    "develop": {}
}
